
Microsoft Visual Studio Solution File, Format Version 12.00
# Visual Studio 14
VisualStudioVersion = 14.0.25420.1
MinimumVisualStudioVersion = 10.0.40219.1
Project("{FAE04EC0-301F-11D3-BF4B-00C04F79EFBC}") = "Arduino Temperature", "Arduino Temperature\Arduino Temperature.csproj", "{FE1FF5AE-B67E-47D0-B308-D11AC21321AA}"
EndProject
Project("{FAE04EC0-301F-11D3-BF4B-00C04F79EFBC}") = "TestEnvironment", "TestEnvironment\TestEnvironment.csproj", "{72D68988-3377-40A1-B044-BAE3445D3990}"
EndProject
Project("{FAE04EC0-301F-11D3-BF4B-00C04F79EFBC}") = "Arduino Temperature Retrofit", "Arduino Temperature Retrofit\Arduino Temperature Retrofit.csproj", "{2F7309A1-3D09-4380-B999-1005F9227E13}"
EndProject
Global
	GlobalSection(SolutionConfigurationPlatforms) = preSolution
		Debug|Any CPU = Debug|Any CPU
		Release|Any CPU = Release|Any CPU
	EndGlobalSection
	GlobalSection(ProjectConfigurationPlatforms) = postSolution
		{FE1FF5AE-B67E-47D0-B308-D11AC21321AA}.Debug|Any CPU.ActiveCfg = Debug|Any CPU
		{FE1FF5AE-B67E-47D0-B308-D11AC21321AA}.Debug|Any CPU.Build.0 = Debug|Any CPU
		{FE1FF5AE-B67E-47D0-B308-D11AC21321AA}.Release|Any CPU.ActiveCfg = Release|Any CPU
		{FE1FF5AE-B67E-47D0-B308-D11AC21321AA}.Release|Any CPU.Build.0 = Release|Any CPU
		{72D68988-3377-40A1-B044-BAE3445D3990}.Debug|Any CPU.ActiveCfg = Debug|Any CPU
		{72D68988-3377-40A1-B044-BAE3445D3990}.Debug|Any CPU.Build.0 = Debug|Any CPU
		{72D68988-3377-40A1-B044-BAE3445D3990}.Release|Any CPU.ActiveCfg = Release|Any CPU
		{72D68988-3377-40A1-B044-BAE3445D3990}.Release|Any CPU.Build.0 = Release|Any CPU
		{2F7309A1-3D09-4380-B999-1005F9227E13}.Debug|Any CPU.ActiveCfg = Debug|Any CPU
		{2F7309A1-3D09-4380-B999-1005F9227E13}.Debug|Any CPU.Build.0 = Debug|Any CPU
		{2F7309A1-3D09-4380-B999-1005F9227E13}.Release|Any CPU.ActiveCfg = Release|Any CPU
		{2F7309A1-3D09-4380-B999-1005F9227E13}.Release|Any CPU.Build.0 = Release|Any CPU
	EndGlobalSection
	GlobalSection(SolutionProperties) = preSolution
		HideSolutionNode = FALSE
	EndGlobalSection
EndGlobal
